
Microsoft Visual Studio Solution File, Format Version 11.00
# Visual Studio 2010
Project("{FAE04EC0-301F-11D3-BF4B-00C04F79EFBC}") = "FishNet.Runtime", "FishNet.Runtime.csproj", "{9d664549-ff94-7965-43c1-3e22bae8d0d4}"
EndProject
Project("{FAE04EC0-301F-11D3-BF4B-00C04F79EFBC}") = "FishNet.Codegen.Cecil", "FishNet.Codegen.Cecil.csproj", "{261f9a7f-49a4-37cf-f5aa-6d651a6bb52a}"
EndProject
Project("{FAE04EC0-301F-11D3-BF4B-00C04F79EFBC}") = "FishNet.Demos", "FishNet.Demos.csproj", "{3a036518-7b3d-46c9-6b73-b0c3fea7811f}"
EndProject
Project("{FAE04EC0-301F-11D3-BF4B-00C04F79EFBC}") = "Unity.FishNet.Codegen", "Unity.FishNet.Codegen.csproj", "{0a9a5103-710d-c148-e6de-ccbecab009e3}"
EndProject
Project("{FAE04EC0-301F-11D3-BF4B-00C04F79EFBC}") = "Edgegap", "Edgegap.csproj", "{0635c8d4-1762-291f-2608-7911130b1092}"
EndProject
Project("{FAE04EC0-301F-11D3-BF4B-00C04F79EFBC}") = "GameKit.Dependencies", "GameKit.Dependencies.csproj", "{410c7654-85ce-33a9-e410-3a74a78c4332}"
EndProject
Project("{FAE04EC0-301F-11D3-BF4B-00C04F79EFBC}") = "Assembly-CSharp", "Assembly-CSharp.csproj", "{19669b19-593f-ff10-acdf-348051afbe5a}"
EndProject
Global
	GlobalSection(SolutionConfigurationPlatforms) = preSolution
		Debug|Any CPU = Debug|Any CPU
	EndGlobalSection
	GlobalSection(ProjectConfigurationPlatforms) = postSolution
		{9d664549-ff94-7965-43c1-3e22bae8d0d4}.Debug|Any CPU.ActiveCfg = Debug|Any CPU
		{9d664549-ff94-7965-43c1-3e22bae8d0d4}.Debug|Any CPU.Build.0 = Debug|Any CPU
		{261f9a7f-49a4-37cf-f5aa-6d651a6bb52a}.Debug|Any CPU.ActiveCfg = Debug|Any CPU
		{261f9a7f-49a4-37cf-f5aa-6d651a6bb52a}.Debug|Any CPU.Build.0 = Debug|Any CPU
		{3a036518-7b3d-46c9-6b73-b0c3fea7811f}.Debug|Any CPU.ActiveCfg = Debug|Any CPU
		{3a036518-7b3d-46c9-6b73-b0c3fea7811f}.Debug|Any CPU.Build.0 = Debug|Any CPU
		{0a9a5103-710d-c148-e6de-ccbecab009e3}.Debug|Any CPU.ActiveCfg = Debug|Any CPU
		{0a9a5103-710d-c148-e6de-ccbecab009e3}.Debug|Any CPU.Build.0 = Debug|Any CPU
		{0635c8d4-1762-291f-2608-7911130b1092}.Debug|Any CPU.ActiveCfg = Debug|Any CPU
		{0635c8d4-1762-291f-2608-7911130b1092}.Debug|Any CPU.Build.0 = Debug|Any CPU
		{410c7654-85ce-33a9-e410-3a74a78c4332}.Debug|Any CPU.ActiveCfg = Debug|Any CPU
		{410c7654-85ce-33a9-e410-3a74a78c4332}.Debug|Any CPU.Build.0 = Debug|Any CPU
		{19669b19-593f-ff10-acdf-348051afbe5a}.Debug|Any CPU.ActiveCfg = Debug|Any CPU
		{19669b19-593f-ff10-acdf-348051afbe5a}.Debug|Any CPU.Build.0 = Debug|Any CPU
	EndGlobalSection
	GlobalSection(SolutionProperties) = preSolution
		HideSolutionNode = FALSE
	EndGlobalSection
EndGlobal
